
Microsoft Visual Studio Solution File, Format Version 12.00
# Visual Studio Version 17
VisualStudioVersion = 17.2.32630.192
MinimumVisualStudioVersion = 10.0.40219.1
Project("{FAE04EC0-301F-11D3-BF4B-00C04F79EFBC}") = "Array Struct", "Array Struct\Array Struct.csproj", "{259184AC-7EF9-44DE-A81F-EB9A5A0BD55B}"
EndProject
Global
	GlobalSection(SolutionConfigurationPlatforms) = preSolution
		Debug|Any CPU = Debug|Any CPU
		Release|Any CPU = Release|Any CPU
	EndGlobalSection
	GlobalSection(ProjectConfigurationPlatforms) = postSolution
		{259184AC-7EF9-44DE-A81F-EB9A5A0BD55B}.Debug|Any CPU.ActiveCfg = Debug|Any CPU
		{259184AC-7EF9-44DE-A81F-EB9A5A0BD55B}.Debug|Any CPU.Build.0 = Debug|Any CPU
		{259184AC-7EF9-44DE-A81F-EB9A5A0BD55B}.Release|Any CPU.ActiveCfg = Release|Any CPU
		{259184AC-7EF9-44DE-A81F-EB9A5A0BD55B}.Release|Any CPU.Build.0 = Release|Any CPU
	EndGlobalSection
	GlobalSection(SolutionProperties) = preSolution
		HideSolutionNode = FALSE
	EndGlobalSection
	GlobalSection(ExtensibilityGlobals) = postSolution
		SolutionGuid = {9E801153-8B46-4072-B6A3-A4F0C4900930}
	EndGlobalSection
EndGlobal
